
Microsoft Visual Studio Solution File, Format Version 12.00
# Visual Studio Version 16
VisualStudioVersion = 16.0.29613.14
MinimumVisualStudioVersion = 10.0.40219.1
Project("{888888A0-9F3D-457C-B088-3A5042F75D52}") = "WebApp", "WebApp\WebApp.pyproj", "{1C446E21-5893-44A3-B208-C3BAD08F5C76}"
EndProject
Global
	GlobalSection(SolutionConfigurationPlatforms) = preSolution
		Debug|Any CPU = Debug|Any CPU
		Release|Any CPU = Release|Any CPU
	EndGlobalSection
	GlobalSection(ProjectConfigurationPlatforms) = postSolution
		{1C446E21-5893-44A3-B208-C3BAD08F5C76}.Debug|Any CPU.ActiveCfg = Debug|Any CPU
		{1C446E21-5893-44A3-B208-C3BAD08F5C76}.Debug|Any CPU.Build.0 = Debug|Any CPU
		{1C446E21-5893-44A3-B208-C3BAD08F5C76}.Release|Any CPU.ActiveCfg = Release|Any CPU
		{1C446E21-5893-44A3-B208-C3BAD08F5C76}.Release|Any CPU.Build.0 = Release|Any CPU
	EndGlobalSection
	GlobalSection(SolutionProperties) = preSolution
		HideSolutionNode = FALSE
	EndGlobalSection
	GlobalSection(ExtensibilityGlobals) = postSolution
		SolutionGuid = {73B1E3B4-C752-4556-88EE-17F078C12388}
	EndGlobalSection
EndGlobal
